{
    "_meta": {
        "hash": {
            "sha256": "ee9d707e7aad27658c9288b61d1dd6b180f2c8b6b2d4884260f762a9226a4a3b"
        },
        "pipfile-spec": 6,
        "requires": {
            "python_version": "3.10"
        },
        "sources": [
            {
                "name": "pypi",
                "url": "https://pypi.org/simple",
                "verify_ssl": true
            }
        ]
    },
    "default": {
        "asgiref": {
            "hashes": [
                "sha256:1d2880b792ae8757289136f1db2b7b99100ce959b2aa57fd69dab783d05afac4",
                "sha256:4a29362a6acebe09bf1d6640db38c1dc3d9217c68e6f9f6204d72667fc19a424"
            ],
            "markers": "python_version >= '3.7'",
            "version": "==3.5.2"
        },
        "django": {
            "hashes": [
                "sha256:031ccb717782f6af83a0063a1957686e87cb4581ea61b47b3e9addf60687989a",
                "sha256:032f8a6fc7cf05ccd1214e4a2e21dfcd6a23b9d575c6573cacc8c67828dbe642"
            ],
            "index": "pypi",
            "version": "==4.1"
        },
        "django-browser-reload": {
            "hashes": [
                "sha256:31b8b2d51e8faa5878f21e6b60b8f43e1123907c6e082e9e967962ba63958829",
                "sha256:9ca69c71796f53868bdc7421f120d147f7a64faa0d5d8c06970ba3f8061af63c"
            ],
            "markers": "python_version >= '3.7'",
            "version": "==1.6.0"
        },
        "django-htmx": {
            "hashes": [
                "sha256:52b170e80ef54757f622a3af5f6087af395cda932531c0d3a65fb08d60457c0a",
                "sha256:ff378eddec0a8e592d0b33f9848f6a050fe93e404a6e99cec354d67aab16c765"
            ],
            "index": "pypi",
            "version": "==1.12.1"
        },
        "django-tailwind": {
            "hashes": [
                "sha256:b0ea5f2e2e45b86f7165673291323e46200a91cfed99b80278272a49f034c7a4",
                "sha256:ce47a28b466e2e427534ee5a8c6f2ee7f7ffb6bce83b55b7ec22be994b293b65"
            ],
            "index": "pypi",
            "version": "==3.4.0"
        },
        "django-widget-tweaks": {
            "hashes": [
                "sha256:9bfc5c705684754a83cc81da328b39ad1b80f32bd0f4340e2a810cbab4b0c00e",
                "sha256:fe6b17d5d595c63331f300917980db2afcf71f240ab9341b954aea8f45d25b9a"
            ],
            "index": "pypi",
            "version": "==1.4.12"
        },
        "sqlparse": {
            "hashes": [
                "sha256:0c00730c74263a94e5a9919ade150dfc3b19c574389985446148402998287dae",
                "sha256:48719e356bb8b42991bdbb1e8b83223757b93789c00910a616a071910ca4a64d"
            ],
            "markers": "python_version >= '3.5'",
            "version": "==0.4.2"
        }
    },
    "develop": {}
}
